
Microsoft Visual Studio Solution File, Format Version 12.00
# Visual Studio Version 17
VisualStudioVersion = 17.3.32929.385
MinimumVisualStudioVersion = 10.0.40219.1
Project("{9A19103F-16F7-4668-BE54-9A1E7A4F7556}") = "Init", "Init\Init.csproj", "{12D91B55-D685-4E1D-A5B2-7E1384567481}"
EndProject
Project("{9A19103F-16F7-4668-BE54-9A1E7A4F7556}") = "Server.Base", "Server.Base\Server.Base.csproj", "{51F5122D-3238-457F-9C8A-0E018FC9F2FB}"
EndProject
Project("{9A19103F-16F7-4668-BE54-9A1E7A4F7556}") = "Protocols.External", "Protocols.External\Protocols.External.csproj", "{4E1218EC-59D6-41A8-AA5F-1D43F3578F6D}"
EndProject
Project("{9A19103F-16F7-4668-BE54-9A1E7A4F7556}") = "Protocols.System", "Protocols.System\Protocols.System.csproj", "{7A3276BD-3CAF-40E4-8EC1-D8375597BF44}"
EndProject
Project("{9A19103F-16F7-4668-BE54-9A1E7A4F7556}") = "Server.Reawakened", "Server.Reawakened\Server.Reawakened.csproj", "{21AFFAA5-897C-4330-9F57-A86E95368F99}"
EndProject
Project("{9A19103F-16F7-4668-BE54-9A1E7A4F7556}") = "Server.Web", "Server.Web\Server.Web.csproj", "{C5C93D17-D5B7-4D95-897D-9ED15105AF12}"
EndProject
Project("{9A19103F-16F7-4668-BE54-9A1E7A4F7556}") = "Web.Launcher", "Web.Launcher\Web.Launcher.csproj", "{2C65DAF5-B760-4C69-89B6-1522FC3EE6BF}"
EndProject
Project("{9A19103F-16F7-4668-BE54-9A1E7A4F7556}") = "Web.Apps", "Web.Apps\Web.Apps.csproj", "{9DD9192A-9739-455E-B63A-2E5CABB8D27E}"
EndProject
Project("{9A19103F-16F7-4668-BE54-9A1E7A4F7556}") = "Web.Razor", "Web.Razor\Web.Razor.csproj", "{27CBEEA6-A465-4647-A3F1-A7ABCAA4AC92}"
EndProject
Project("{9A19103F-16F7-4668-BE54-9A1E7A4F7556}") = "Web.WebPlayer", "Web.WebPlayer\Web.WebPlayer.csproj", "{881791A4-0F9D-4C95-B842-841727B9C006}"
EndProject
Project("{9A19103F-16F7-4668-BE54-9A1E7A4F7556}") = "Server.Colliders", "Server.Colliders\Server.Colliders.csproj", "{4F7B4F8E-6A5A-4F05-8E7E-1234567890AB}"
EndProject
Global
	GlobalSection(SolutionConfigurationPlatforms) = preSolution
		Debug|Any CPU = Debug|Any CPU
		Debug|ARM64 = Debug|ARM64
		Release|Any CPU = Release|Any CPU
		Release|ARM64 = Release|ARM64
	EndGlobalSection
	GlobalSection(ProjectConfigurationPlatforms) = postSolution
		{12D91B55-D685-4E1D-A5B2-7E1384567481}.Debug|Any CPU.ActiveCfg = Debug|Any CPU
		{12D91B55-D685-4E1D-A5B2-7E1384567481}.Debug|Any CPU.Build.0 = Debug|Any CPU
		{12D91B55-D685-4E1D-A5B2-7E1384567481}.Debug|ARM64.ActiveCfg = Debug|ARM64
		{12D91B55-D685-4E1D-A5B2-7E1384567481}.Debug|ARM64.Build.0 = Debug|ARM64
		{12D91B55-D685-4E1D-A5B2-7E1384567481}.Release|Any CPU.ActiveCfg = Release|Any CPU
		{12D91B55-D685-4E1D-A5B2-7E1384567481}.Release|Any CPU.Build.0 = Release|Any CPU
		{12D91B55-D685-4E1D-A5B2-7E1384567481}.Release|ARM64.ActiveCfg = Release|ARM64
		{12D91B55-D685-4E1D-A5B2-7E1384567481}.Release|ARM64.Build.0 = Release|ARM64
		{51F5122D-3238-457F-9C8A-0E018FC9F2FB}.Debug|Any CPU.ActiveCfg = Debug|Any CPU
		{51F5122D-3238-457F-9C8A-0E018FC9F2FB}.Debug|Any CPU.Build.0 = Debug|Any CPU
		{51F5122D-3238-457F-9C8A-0E018FC9F2FB}.Debug|ARM64.ActiveCfg = Debug|ARM64
		{51F5122D-3238-457F-9C8A-0E018FC9F2FB}.Debug|ARM64.Build.0 = Debug|ARM64
		{51F5122D-3238-457F-9C8A-0E018FC9F2FB}.Release|Any CPU.ActiveCfg = Release|Any CPU
		{51F5122D-3238-457F-9C8A-0E018FC9F2FB}.Release|Any CPU.Build.0 = Release|Any CPU
		{51F5122D-3238-457F-9C8A-0E018FC9F2FB}.Release|ARM64.ActiveCfg = Release|ARM64
		{51F5122D-3238-457F-9C8A-0E018FC9F2FB}.Release|ARM64.Build.0 = Release|ARM64
		{4E1218EC-59D6-41A8-AA5F-1D43F3578F6D}.Debug|Any CPU.ActiveCfg = Debug|Any CPU
		{4E1218EC-59D6-41A8-AA5F-1D43F3578F6D}.Debug|Any CPU.Build.0 = Debug|Any CPU
		{4E1218EC-59D6-41A8-AA5F-1D43F3578F6D}.Debug|ARM64.ActiveCfg = Debug|ARM64
		{4E1218EC-59D6-41A8-AA5F-1D43F3578F6D}.Debug|ARM64.Build.0 = Debug|ARM64
		{4E1218EC-59D6-41A8-AA5F-1D43F3578F6D}.Release|Any CPU.ActiveCfg = Release|Any CPU
		{4E1218EC-59D6-41A8-AA5F-1D43F3578F6D}.Release|Any CPU.Build.0 = Release|Any CPU
		{4E1218EC-59D6-41A8-AA5F-1D43F3578F6D}.Release|ARM64.ActiveCfg = Release|ARM64
		{4E1218EC-59D6-41A8-AA5F-1D43F3578F6D}.Release|ARM64.Build.0 = Release|ARM64
		{7A3276BD-3CAF-40E4-8EC1-D8375597BF44}.Debug|Any CPU.ActiveCfg = Debug|Any CPU
		{7A3276BD-3CAF-40E4-8EC1-D8375597BF44}.Debug|Any CPU.Build.0 = Debug|Any CPU
		{7A3276BD-3CAF-40E4-8EC1-D8375597BF44}.Debug|ARM64.ActiveCfg = Debug|ARM64
		{7A3276BD-3CAF-40E4-8EC1-D8375597BF44}.Debug|ARM64.Build.0 = Debug|ARM64
		{7A3276BD-3CAF-40E4-8EC1-D8375597BF44}.Release|Any CPU.ActiveCfg = Release|Any CPU
		{7A3276BD-3CAF-40E4-8EC1-D8375597BF44}.Release|Any CPU.Build.0 = Release|Any CPU
		{7A3276BD-3CAF-40E4-8EC1-D8375597BF44}.Release|ARM64.ActiveCfg = Release|ARM64
		{7A3276BD-3CAF-40E4-8EC1-D8375597BF44}.Release|ARM64.Build.0 = Release|ARM64
		{21AFFAA5-897C-4330-9F57-A86E95368F99}.Debug|Any CPU.ActiveCfg = Debug|Any CPU
		{21AFFAA5-897C-4330-9F57-A86E95368F99}.Debug|Any CPU.Build.0 = Debug|Any CPU
		{21AFFAA5-897C-4330-9F57-A86E95368F99}.Debug|ARM64.ActiveCfg = Debug|ARM64
		{21AFFAA5-897C-4330-9F57-A86E95368F99}.Debug|ARM64.Build.0 = Debug|ARM64
		{21AFFAA5-897C-4330-9F57-A86E95368F99}.Release|Any CPU.ActiveCfg = Release|Any CPU
		{21AFFAA5-897C-4330-9F57-A86E95368F99}.Release|Any CPU.Build.0 = Release|Any CPU
		{21AFFAA5-897C-4330-9F57-A86E95368F99}.Release|ARM64.ActiveCfg = Release|ARM64
		{21AFFAA5-897C-4330-9F57-A86E95368F99}.Release|ARM64.Build.0 = Release|ARM64
		{C5C93D17-D5B7-4D95-897D-9ED15105AF12}.Debug|Any CPU.ActiveCfg = Debug|Any CPU
		{C5C93D17-D5B7-4D95-897D-9ED15105AF12}.Debug|Any CPU.Build.0 = Debug|Any CPU
		{C5C93D17-D5B7-4D95-897D-9ED15105AF12}.Debug|ARM64.ActiveCfg = Debug|ARM64
		{C5C93D17-D5B7-4D95-897D-9ED15105AF12}.Debug|ARM64.Build.0 = Debug|ARM64
		{C5C93D17-D5B7-4D95-897D-9ED15105AF12}.Release|Any CPU.ActiveCfg = Release|Any CPU
		{C5C93D17-D5B7-4D95-897D-9ED15105AF12}.Release|Any CPU.Build.0 = Release|Any CPU
		{C5C93D17-D5B7-4D95-897D-9ED15105AF12}.Release|ARM64.ActiveCfg = Release|ARM64
		{C5C93D17-D5B7-4D95-897D-9ED15105AF12}.Release|ARM64.Build.0 = Release|ARM64
		{2C65DAF5-B760-4C69-89B6-1522FC3EE6BF}.Debug|Any CPU.ActiveCfg = Debug|Any CPU
		{2C65DAF5-B760-4C69-89B6-1522FC3EE6BF}.Debug|Any CPU.Build.0 = Debug|Any CPU
		{2C65DAF5-B760-4C69-89B6-1522FC3EE6BF}.Debug|ARM64.ActiveCfg = Debug|ARM64
		{2C65DAF5-B760-4C69-89B6-1522FC3EE6BF}.Debug|ARM64.Build.0 = Debug|ARM64
		{2C65DAF5-B760-4C69-89B6-1522FC3EE6BF}.Release|Any CPU.ActiveCfg = Release|Any CPU
		{2C65DAF5-B760-4C69-89B6-1522FC3EE6BF}.Release|Any CPU.Build.0 = Release|Any CPU
		{2C65DAF5-B760-4C69-89B6-1522FC3EE6BF}.Release|ARM64.ActiveCfg = Release|ARM64
		{2C65DAF5-B760-4C69-89B6-1522FC3EE6BF}.Release|ARM64.Build.0 = Release|ARM64
		{9DD9192A-9739-455E-B63A-2E5CABB8D27E}.Debug|Any CPU.ActiveCfg = Debug|Any CPU
		{9DD9192A-9739-455E-B63A-2E5CABB8D27E}.Debug|Any CPU.Build.0 = Debug|Any CPU
		{9DD9192A-9739-455E-B63A-2E5CABB8D27E}.Debug|ARM64.ActiveCfg = Debug|ARM64
		{9DD9192A-9739-455E-B63A-2E5CABB8D27E}.Debug|ARM64.Build.0 = Debug|ARM64
		{9DD9192A-9739-455E-B63A-2E5CABB8D27E}.Release|Any CPU.ActiveCfg = Release|Any CPU
		{9DD9192A-9739-455E-B63A-2E5CABB8D27E}.Release|Any CPU.Build.0 = Release|Any CPU
		{9DD9192A-9739-455E-B63A-2E5CABB8D27E}.Release|ARM64.ActiveCfg = Release|ARM64
		{9DD9192A-9739-455E-B63A-2E5CABB8D27E}.Release|ARM64.Build.0 = Release|ARM64
		{27CBEEA6-A465-4647-A3F1-A7ABCAA4AC92}.Debug|Any CPU.ActiveCfg = Debug|Any CPU
		{27CBEEA6-A465-4647-A3F1-A7ABCAA4AC92}.Debug|Any CPU.Build.0 = Debug|Any CPU
		{27CBEEA6-A465-4647-A3F1-A7ABCAA4AC92}.Debug|ARM64.ActiveCfg = Debug|ARM64
		{27CBEEA6-A465-4647-A3F1-A7ABCAA4AC92}.Debug|ARM64.Build.0 = Debug|ARM64
		{27CBEEA6-A465-4647-A3F1-A7ABCAA4AC92}.Release|Any CPU.ActiveCfg = Release|Any CPU
		{27CBEEA6-A465-4647-A3F1-A7ABCAA4AC92}.Release|Any CPU.Build.0 = Release|Any CPU
		{27CBEEA6-A465-4647-A3F1-A7ABCAA4AC92}.Release|ARM64.ActiveCfg = Release|ARM64
		{27CBEEA6-A465-4647-A3F1-A7ABCAA4AC92}.Release|ARM64.Build.0 = Release|ARM64
		{881791A4-0F9D-4C95-B842-841727B9C006}.Debug|Any CPU.ActiveCfg = Debug|Any CPU
		{881791A4-0F9D-4C95-B842-841727B9C006}.Debug|Any CPU.Build.0 = Debug|Any CPU
		{881791A4-0F9D-4C95-B842-841727B9C006}.Debug|ARM64.ActiveCfg = Debug|ARM64
		{881791A4-0F9D-4C95-B842-841727B9C006}.Debug|ARM64.Build.0 = Debug|ARM64
		{881791A4-0F9D-4C95-B842-841727B9C006}.Release|Any CPU.ActiveCfg = Release|Any CPU
		{881791A4-0F9D-4C95-B842-841727B9C006}.Release|Any CPU.Build.0 = Release|Any CPU
		{881791A4-0F9D-4C95-B842-841727B9C006}.Release|ARM64.ActiveCfg = Release|ARM64
		{881791A4-0F9D-4C95-B842-841727B9C006}.Release|ARM64.Build.0 = Release|ARM64
		{4F7B4F8E-6A5A-4F05-8E7E-1234567890AB}.Debug|Any CPU.ActiveCfg = Debug|Any CPU
		{4F7B4F8E-6A5A-4F05-8E7E-1234567890AB}.Debug|Any CPU.Build.0 = Debug|Any CPU
		{4F7B4F8E-6A5A-4F05-8E7E-1234567890AB}.Debug|ARM64.ActiveCfg = Debug|Any CPU
		{4F7B4F8E-6A5A-4F05-8E7E-1234567890AB}.Debug|ARM64.Build.0 = Debug|Any CPU
		{4F7B4F8E-6A5A-4F05-8E7E-1234567890AB}.Release|Any CPU.ActiveCfg = Release|Any CPU
		{4F7B4F8E-6A5A-4F05-8E7E-1234567890AB}.Release|Any CPU.Build.0 = Release|Any CPU
		{4F7B4F8E-6A5A-4F05-8E7E-1234567890AB}.Release|ARM64.ActiveCfg = Release|Any CPU
		{4F7B4F8E-6A5A-4F05-8E7E-1234567890AB}.Release|ARM64.Build.0 = Release|Any CPU
	EndGlobalSection
	GlobalSection(SolutionProperties) = preSolution
		HideSolutionNode = FALSE
	EndGlobalSection
	GlobalSection(ExtensibilityGlobals) = postSolution
		SolutionGuid = {DFA2EE85-EBAE-45ED-B4A5-6303FF9E0122}
	EndGlobalSection
EndGlobal
